
Microsoft Visual Studio Solution File, Format Version 12.00
# Visual Studio Version 17
VisualStudioVersion = 17.12.35527.113
MinimumVisualStudioVersion = 10.0.40219.1
Project("{2150E333-8FDC-42A3-9474-1A3956D46DE8}") = "FrontEnd", "FrontEnd", "{1ECF49A2-D3EA-4053-9D17-C346B93AC1B1}"
EndProject
Project("{2150E333-8FDC-42A3-9474-1A3956D46DE8}") = "GateWay", "GateWay", "{FF5772EF-A798-4930-B11D-0F8FA81845C8}"
EndProject
Project("{2150E333-8FDC-42A3-9474-1A3956D46DE8}") = "Integration", "Integration", "{FFD8CAEB-AE00-4B73-A936-E9E4AB7E8219}"
EndProject
Project("{2150E333-8FDC-42A3-9474-1A3956D46DE8}") = "Services", "Services", "{6DABD09F-BFAC-4645-97FF-253D7BEDEFF2}"
EndProject
Project("{FAE04EC0-301F-11D3-BF4B-00C04F79EFBC}") = "Mango.Services.CouponAPI", "Mango.Services.CouponAPI\Mango.Services.CouponAPI.csproj", "{200A21F9-16E4-4989-8735-77F599EE2627}"
EndProject
Project("{FAE04EC0-301F-11D3-BF4B-00C04F79EFBC}") = "Mango.Web", "Mango.Web\Mango.Web.csproj", "{B1C9FB01-2C1E-4707-9B97-9B49AA8E1ABE}"
EndProject
Project("{FAE04EC0-301F-11D3-BF4B-00C04F79EFBC}") = "Mango.Services.AuthAPI", "Mango.Services.AuthAPI\Mango.Services.AuthAPI.csproj", "{2AD234E4-6B17-4655-8A80-3ED825A578B2}"
EndProject
Project("{FAE04EC0-301F-11D3-BF4B-00C04F79EFBC}") = "Mango.Services.ProductAPI", "Mango.Services.ProductAPI\Mango.Services.ProductAPI.csproj", "{20FB7E9A-06D9-49C0-9B75-61AD86A95CCB}"
EndProject
Project("{FAE04EC0-301F-11D3-BF4B-00C04F79EFBC}") = "Mango.Services.ShoppingCartAPI", "Mango.Services.ShoppingCartAPI\Mango.Services.ShoppingCartAPI.csproj", "{071B8C4E-6F72-48F3-9E8F-04FC2190F79A}"
EndProject
Project("{FAE04EC0-301F-11D3-BF4B-00C04F79EFBC}") = "Mango.MessageBus", "Mango.MessageBus\Mango.MessageBus.csproj", "{86190EEF-F892-44E1-8936-89D5AFB3A943}"
EndProject
Project("{FAE04EC0-301F-11D3-BF4B-00C04F79EFBC}") = "Mango.Services.EmailAPI", "Mango.Services.EmailAPI\Mango.Services.EmailAPI.csproj", "{8C28542E-D69C-4DCC-8F77-EEA270869274}"
EndProject
Global
	GlobalSection(SolutionConfigurationPlatforms) = preSolution
		Debug|Any CPU = Debug|Any CPU
		Release|Any CPU = Release|Any CPU
	EndGlobalSection
	GlobalSection(ProjectConfigurationPlatforms) = postSolution
		{200A21F9-16E4-4989-8735-77F599EE2627}.Debug|Any CPU.ActiveCfg = Debug|Any CPU
		{200A21F9-16E4-4989-8735-77F599EE2627}.Debug|Any CPU.Build.0 = Debug|Any CPU
		{200A21F9-16E4-4989-8735-77F599EE2627}.Release|Any CPU.ActiveCfg = Release|Any CPU
		{200A21F9-16E4-4989-8735-77F599EE2627}.Release|Any CPU.Build.0 = Release|Any CPU
		{B1C9FB01-2C1E-4707-9B97-9B49AA8E1ABE}.Debug|Any CPU.ActiveCfg = Debug|Any CPU
		{B1C9FB01-2C1E-4707-9B97-9B49AA8E1ABE}.Debug|Any CPU.Build.0 = Debug|Any CPU
		{B1C9FB01-2C1E-4707-9B97-9B49AA8E1ABE}.Release|Any CPU.ActiveCfg = Release|Any CPU
		{B1C9FB01-2C1E-4707-9B97-9B49AA8E1ABE}.Release|Any CPU.Build.0 = Release|Any CPU
		{2AD234E4-6B17-4655-8A80-3ED825A578B2}.Debug|Any CPU.ActiveCfg = Debug|Any CPU
		{2AD234E4-6B17-4655-8A80-3ED825A578B2}.Debug|Any CPU.Build.0 = Debug|Any CPU
		{2AD234E4-6B17-4655-8A80-3ED825A578B2}.Release|Any CPU.ActiveCfg = Release|Any CPU
		{2AD234E4-6B17-4655-8A80-3ED825A578B2}.Release|Any CPU.Build.0 = Release|Any CPU
		{20FB7E9A-06D9-49C0-9B75-61AD86A95CCB}.Debug|Any CPU.ActiveCfg = Debug|Any CPU
		{20FB7E9A-06D9-49C0-9B75-61AD86A95CCB}.Debug|Any CPU.Build.0 = Debug|Any CPU
		{20FB7E9A-06D9-49C0-9B75-61AD86A95CCB}.Release|Any CPU.ActiveCfg = Release|Any CPU
		{20FB7E9A-06D9-49C0-9B75-61AD86A95CCB}.Release|Any CPU.Build.0 = Release|Any CPU
		{071B8C4E-6F72-48F3-9E8F-04FC2190F79A}.Debug|Any CPU.ActiveCfg = Debug|Any CPU
		{071B8C4E-6F72-48F3-9E8F-04FC2190F79A}.Debug|Any CPU.Build.0 = Debug|Any CPU
		{071B8C4E-6F72-48F3-9E8F-04FC2190F79A}.Release|Any CPU.ActiveCfg = Release|Any CPU
		{071B8C4E-6F72-48F3-9E8F-04FC2190F79A}.Release|Any CPU.Build.0 = Release|Any CPU
		{86190EEF-F892-44E1-8936-89D5AFB3A943}.Debug|Any CPU.ActiveCfg = Debug|Any CPU
		{86190EEF-F892-44E1-8936-89D5AFB3A943}.Debug|Any CPU.Build.0 = Debug|Any CPU
		{86190EEF-F892-44E1-8936-89D5AFB3A943}.Release|Any CPU.ActiveCfg = Release|Any CPU
		{86190EEF-F892-44E1-8936-89D5AFB3A943}.Release|Any CPU.Build.0 = Release|Any CPU
		{8C28542E-D69C-4DCC-8F77-EEA270869274}.Debug|Any CPU.ActiveCfg = Debug|Any CPU
		{8C28542E-D69C-4DCC-8F77-EEA270869274}.Debug|Any CPU.Build.0 = Debug|Any CPU
		{8C28542E-D69C-4DCC-8F77-EEA270869274}.Release|Any CPU.ActiveCfg = Release|Any CPU
		{8C28542E-D69C-4DCC-8F77-EEA270869274}.Release|Any CPU.Build.0 = Release|Any CPU
	EndGlobalSection
	GlobalSection(SolutionProperties) = preSolution
		HideSolutionNode = FALSE
	EndGlobalSection
	GlobalSection(NestedProjects) = preSolution
		{200A21F9-16E4-4989-8735-77F599EE2627} = {6DABD09F-BFAC-4645-97FF-253D7BEDEFF2}
		{B1C9FB01-2C1E-4707-9B97-9B49AA8E1ABE} = {1ECF49A2-D3EA-4053-9D17-C346B93AC1B1}
		{2AD234E4-6B17-4655-8A80-3ED825A578B2} = {6DABD09F-BFAC-4645-97FF-253D7BEDEFF2}
		{20FB7E9A-06D9-49C0-9B75-61AD86A95CCB} = {6DABD09F-BFAC-4645-97FF-253D7BEDEFF2}
		{071B8C4E-6F72-48F3-9E8F-04FC2190F79A} = {6DABD09F-BFAC-4645-97FF-253D7BEDEFF2}
		{86190EEF-F892-44E1-8936-89D5AFB3A943} = {FFD8CAEB-AE00-4B73-A936-E9E4AB7E8219}
		{8C28542E-D69C-4DCC-8F77-EEA270869274} = {6DABD09F-BFAC-4645-97FF-253D7BEDEFF2}
	EndGlobalSection
EndGlobal
